# Generated once by `cargo generate-lockfile` against a real crates.io `itoa 1.0.15` and a
# `file://` git repository carrying the same crate at the same version, then committed. The
# git URL is left as the path used to create it because `pack` never fetches it: the duplicate
# is detected by reading this file, so the test needs no network and no git remote.
#
# This file is automatically @generated by Cargo.
# It is not intended for manual editing.
version = 4

[[package]]
name = "duplicate-source-project"
version = "0.1.0"
dependencies = [
 "itoa",
 "itoa_git",
]

# The collision: same name, same version, two different sources.
[[package]]
name = "itoa"
version = "1.0.15"
source = "registry+https://github.com/rust-lang/crates.io-index"
checksum = "4a5f13b858c8d314ee3e8f639011f7ccefe71f97f96e50151fb991f267928e2c"

[[package]]
name = "itoa"
version = "1.0.15"
source = "git+file:///tmp/duplicate-source-gitdep#f3b54038ce34e5a9397b6437489acea344cdb62e"

# A second crate from one source only. Present so the test also proves an ordinary lockfile
# is not mistaken for a duplicate.
[[package]]
name = "memchr"
version = "2.8.3"
source = "registry+https://github.com/rust-lang/crates.io-index"
checksum = "cf8baf1c55e62ffcace7a9f06f4bd9cd3f0c4beb022d3b367256b91b87513d98"

# A path/workspace member: no `source` key, never vendored, and so never a duplicate source.
[[package]]
name = "local-helper"
version = "0.1.0"
