# Generated by pixi-sandbox init. Regenerate this file instead of editing it.
# pixi-sandbox-version: 0.6.1
name: relock

# Refresh lockfiles for a manifest edit that was made where the network is not.
#
# The guard job reports on every pull request; the relock job runs only when the guard found
# drift, which is why this workflow carries no `paths:` filter — a stale lock arriving by any
# route (a transitive manifest, a hand-edited lock, a deleted one) is caught the same way.

on:
  pull_request:
  workflow_dispatch:
    inputs:
      repaired_sha:
        description: Internal repaired commit SHA; only the relock bot supplies this.
        required: false
        type: string

concurrency:
  group: relock-${{ github.head_ref || github.ref }}
  cancel-in-progress: true

permissions:
  contents: read

jobs:
  guard:
    name: lock guard
    runs-on: ubuntu-latest
    steps:
      - uses: actions/checkout@3d3c42e5aac5ba805825da76410c181273ba90b1 # v7.0.1
      - uses: prefix-dev/setup-pixi@d3f436a425481402e6a95a1d1fc10331c708cd9e # v0.10.2
        with:
          pixi-version: v0.81.0
          run-install: false
      # Ahead of any install on purpose: `setup-pixi` installs with `locked: true` and would
      # fail first with a message about installation, when the fact worth reporting is that the
      # lock no longer satisfies the manifest.
      - run: pixi lock --check
      # Cargo's locked fetch is the non-writing Cargo.lock counterpart to `pixi lock
      # --check`: it fails before CI or packing when a Rust manifest changed without a relock.
      - run: cargo fetch --locked

  relock:
    name: relock
    needs: guard
    # Only when the guard actually failed, and never on a dispatch — a dispatch re-runs the
    # guard alone, which is how the bot turns its own commit green (see the last step).
    if: ${{ always() && needs.guard.result == 'failure' && github.event_name == 'pull_request' }}
    runs-on: ubuntu-latest
    # A job-level `permissions:` block is a replacement, not an addition: every scope left
    # unlisted becomes `none`. `contents: write` alone therefore pushes the lock commit and
    # then fails the dispatch below with a 403, which is exactly how this was found.
    permissions:
      contents: write
      actions: write
      checks: write
    steps:
      # A fork PR downgrades `contents: write` to read, so the push below cannot succeed. Say
      # that, instead of letting a permissions wall read as a flaky push.
      - name: Refuse a fork pull request loudly
        if: ${{ github.event.pull_request.head.repo.fork }}
        run: echo "::error::relock cannot push to a fork's branch — the token is read-only on fork pull requests; run 'pixi lock' and 'cargo fetch' locally and push the lockfiles yourself" && exit 1
      - uses: actions/checkout@3d3c42e5aac5ba805825da76410c181273ba90b1 # v7.0.1
        with:
          ref: ${{ github.head_ref }}
          persist-credentials: true
      - uses: prefix-dev/setup-pixi@d3f436a425481402e6a95a1d1fc10331c708cd9e # v0.10.2
        with:
          pixi-version: v0.81.0
          run-install: false
      # Bare, not `pixi run <task>`: a task would first have to solve the very environment
      # whose lock is stale.
      - run: pixi lock
      # Resolves only what the new constraint forces; `cargo update` would move the
      # whole workspace, which is a different intent and a different pull request.
      - run: cargo fetch
      - id: commit
        uses: stefanzweifel/git-auto-commit-action@4a55954c782fc1ea30b9056cd3e7a2b40ca8887d # v7.2.0
        with:
          commit_message: "chore(lock): refresh lockfiles for #${{ github.event.pull_request.number }}"
          commit_user_name: pixi-sandbox[bot]
          commit_user_email: 41898282+github-actions[bot]@users.noreply.github.com
          commit_author: pixi-sandbox[bot] <41898282+github-actions[bot]@users.noreply.github.com>
          file_pattern: pixi.lock Cargo.lock
      # A repaired commit becomes the PR head, while the failing guard belongs to the stale
      # commit. Start a Check Run explicitly on the repaired SHA so the eventual verdict is
      # attached to the reviewable commit rather than hidden in detached dispatch runs.
      - name: Start repaired-head validation
        if: ${{ steps.commit.outputs.changes_detected == 'true' }}
        id: validation
        uses: actions/github-script@3a2844b7e9c422d3c10d287c895573f7108da1b3 # v9.0.0
        env:
          REPAIRED_SHA: ${{ steps.commit.outputs.commit_hash }}
          PR_NUMBER: ${{ github.event.pull_request.number }}
        with:
          script: |
            const check = await github.rest.checks.create({
              owner: context.repo.owner,
              repo: context.repo.repo,
              name: 'pixi-sandbox relock validation',
              head_sha: process.env.REPAIRED_SHA,
              status: 'in_progress',
              external_id: `pixi-sandbox-relock:${process.env.PR_NUMBER}`,
              output: {
                title: 'Waiting for repaired-head validation',
                summary: 'The lock repair committed successfully. Lock guard, configured CI, and sandbox publishing must now pass on this commit.',
              },
            });
            core.setOutput('check_run_id', check.data.id);
      # Check the freshly committed tree locally first. This replaces the old detached relock
      # dispatch: a second `workflow_dispatch` supplied no PR-visible verdict and could create
      # a loop, while these commands validate the exact repaired SHA before CI is started.
      - name: Validate repaired Pixi lock
        if: ${{ steps.commit.outputs.changes_detected == 'true' }}
        run: pixi lock --check
      - name: Validate repaired Cargo lock
        if: ${{ steps.commit.outputs.changes_detected == 'true' }}
        run: cargo fetch --locked
      - name: Mark local validation failure on the repaired head
        if: ${{ failure() && steps.validation.outputs.check_run_id != '' }}
        uses: actions/github-script@3a2844b7e9c422d3c10d287c895573f7108da1b3 # v9.0.0
        env:
          CHECK_RUN_ID: ${{ steps.validation.outputs.check_run_id }}
        with:
          script: |
            await github.rest.checks.update({
              owner: context.repo.owner,
              repo: context.repo.repo,
              check_run_id: Number(process.env.CHECK_RUN_ID),
              status: 'completed',
              conclusion: 'failure',
              output: {
                title: 'Repaired lock validation failed',
                summary: 'The generated repair did not pass its own locked validation. Inspect this relock run; CI and sandbox publishing were not dispatched.',
              },
            });
      # A GITHUB_TOKEN push starts no workflows. Dispatch the configured CI and publisher only
      # after the local repaired-head guard passes, then dispatch this relock workflow once with
      # the repaired SHA. Its input-gated verdict job turns the detached conclusions into the one
      # Check Run reviewers see on the pull request.
      - name: Dispatch repaired-head CI and publisher validation
        if: ${{ success() && steps.commit.outputs.changes_detected == 'true' }}
        uses: actions/github-script@3a2844b7e9c422d3c10d287c895573f7108da1b3 # v9.0.0
        env:
          CHECK_RUN_ID: ${{ steps.validation.outputs.check_run_id }}
          REPAIRED_SHA: ${{ steps.commit.outputs.commit_hash }}
          HEAD_REF: ${{ github.head_ref }}
          RELOCK_WORKFLOW: "relock.yml"
          CI_WORKFLOW: "ci.yml"
          PUBLISHER_WORKFLOW: "publish-sandbox.yml"
        with:
          script: |
            try {
              await Promise.all([
                ...[process.env.CI_WORKFLOW, process.env.PUBLISHER_WORKFLOW].map((workflow_id) =>
                  github.rest.actions.createWorkflowDispatch({
                    owner: context.repo.owner,
                    repo: context.repo.repo,
                    workflow_id,
                    ref: process.env.HEAD_REF,
                  })),
                github.rest.actions.createWorkflowDispatch({
                  owner: context.repo.owner,
                  repo: context.repo.repo,
                  workflow_id: process.env.RELOCK_WORKFLOW,
                  ref: process.env.HEAD_REF,
                  inputs: { repaired_sha: process.env.REPAIRED_SHA },
                }),
              ]);
            } catch (error) {
              await github.rest.checks.update({
                owner: context.repo.owner,
                repo: context.repo.repo,
                check_run_id: Number(process.env.CHECK_RUN_ID),
                status: 'completed',
                conclusion: 'failure',
                output: {
                  title: 'Could not dispatch repaired-head validation',
                  summary: `CI and publisher validation were not both dispatched: ${error.message}`,
                },
              });
              core.setFailed(`could not dispatch repaired-head validation: ${error.message}`);
            }

  # The bot dispatches this workflow once after pushing its repair. This job is the only
  # long-running observer: it never checks out PR code, reads only GitHub's run metadata, and
  # updates the already-created Check Run on the repaired SHA. The regular relock job cannot run
  # from this dispatch, so observing never creates another repair/publish loop.
  verdict:
    name: relock verdict
    needs: guard
    if: ${{ always() && github.event_name == 'workflow_dispatch' && inputs.repaired_sha != '' }}
    runs-on: ubuntu-latest
    timeout-minutes: 65
    permissions:
      actions: read
      checks: write
    steps:
      - uses: actions/github-script@3a2844b7e9c422d3c10d287c895573f7108da1b3 # v9.0.0
        env:
          HEAD_SHA: ${{ inputs.repaired_sha }}
          LOCK_GUARD_RESULT: ${{ needs.guard.result }}
          CI_WORKFLOW: "ci.yml"
          PUBLISHER_WORKFLOW: "publish-sandbox.yml"
        with:
          script: |
            const checkName = 'pixi-sandbox relock validation';
            const { data: checks } = await github.rest.checks.listForRef({
              owner: context.repo.owner,
              repo: context.repo.repo,
              ref: process.env.HEAD_SHA,
              check_name: checkName,
              filter: 'latest',
              per_page: 100,
            });
            const check = checks.check_runs.find((candidate) =>
              candidate.status === 'in_progress'
              && candidate.external_id?.startsWith('pixi-sandbox-relock:'));
            if (!check) {
              core.setFailed(`no in-progress ${checkName} check exists for ${process.env.HEAD_SHA}`);
              return;
            }

            const update = async (status, conclusion, title, summary) => github.rest.checks.update({
              owner: context.repo.owner,
              repo: context.repo.repo,
              check_run_id: check.id,
              status,
              ...(conclusion ? { conclusion } : {}),
              output: { title, summary },
            });
            if (process.env.LOCK_GUARD_RESULT !== 'success') {
              await update(
                'completed',
                'failure',
                'Repaired lock guard failed',
                'The bot-created commit did not pass the lock guard. CI and sandbox publishing are not trusted.',
              );
              core.setFailed('the repaired lock guard failed');
              return;
            }

            const workflows = [process.env.CI_WORKFLOW, process.env.PUBLISHER_WORKFLOW];
            const wait = (milliseconds) => new Promise((resolve) => setTimeout(resolve, milliseconds));
            for (let attempt = 0; attempt < 360; attempt += 1) {
              let expected;
              try {
                expected = await Promise.all(workflows.map(async (workflow_id) => {
                  const runs = await github.rest.actions.listWorkflowRuns({
                    owner: context.repo.owner,
                    repo: context.repo.repo,
                    workflow_id,
                    head_sha: process.env.HEAD_SHA,
                    event: 'workflow_dispatch',
                    per_page: 100,
                  });
                  const startedAt = Date.parse(check.started_at);
                  const run = runs.data.workflow_runs
                    .filter((candidate) => Date.parse(candidate.created_at) >= startedAt)
                    .sort((left, right) => Date.parse(right.created_at) - Date.parse(left.created_at))[0];
                  return { workflow: workflow_id, run };
                }));
              } catch (error) {
                await update(
                  'completed',
                  'failure',
                  'Could not read repaired-head validation',
                  `The relock verdict could not inspect its configured CI and publisher workflows: ${error.message}`,
                );
                core.setFailed(`could not inspect repaired-head validation: ${error.message}`);
                return;
              }

              const missing = expected.filter(({ run }) => !run).map(({ workflow }) => workflow);
              const failed = expected.filter(({ run }) =>
                run?.status === 'completed' && run.conclusion !== 'success');
              if (failed.length > 0) {
                await update(
                  'completed',
                  'failure',
                  'Repaired-head validation failed',
                  failed.map(({ workflow, run }) => `${workflow}: ${run.conclusion}`).join('\n'),
                );
                return;
              }
              const pending = expected.filter(({ run }) => !run || run.status !== 'completed');
              if (missing.length === 0 && pending.length === 0) {
                await update(
                  'completed',
                  'success',
                  'Repaired-head validation passed',
                  expected.map(({ workflow, run }) => `${workflow}: ${run.conclusion}`).join('\n'),
                );
                return;
              }
              const waiting = [
                ...missing.map((workflow) => `${workflow}: not started`),
                ...pending.filter(({ run }) => run).map(({ workflow, run }) => `${workflow}: ${run.status}`),
              ];
              await update(
                'in_progress',
                undefined,
                'Waiting for repaired-head validation',
                waiting.join('\n'),
              );
              await wait(10_000);
            }
            await update(
              'completed',
              'failure',
              'Repaired-head validation timed out',
              'CI and sandbox publishing did not both complete within one hour. Inspect their dispatched runs before retrying.',
            );
            core.setFailed('repaired-head validation timed out');
